
Microsoft Visual Studio Solution File, Format Version 12.00
# Visual Studio Version 17
VisualStudioVersion = 17.8.34330.188
MinimumVisualStudioVersion = 10.0.40219.1
Project("{9A19103F-16F7-4668-BE54-9A1E7A4F7556}") = "my-expense-tracker", "my-expense-tracker.csproj", "{57C4D2ED-B27A-491A-B0C7-6537DF331255}"
EndProject
Global
	GlobalSection(SolutionConfigurationPlatforms) = preSolution
		Debug|Any CPU = Debug|Any CPU
		Release|Any CPU = Release|Any CPU
	EndGlobalSection
	GlobalSection(ProjectConfigurationPlatforms) = postSolution
		{57C4D2ED-B27A-491A-B0C7-6537DF331255}.Debug|Any CPU.ActiveCfg = Debug|Any CPU
		{57C4D2ED-B27A-491A-B0C7-6537DF331255}.Debug|Any CPU.Build.0 = Debug|Any CPU
		{57C4D2ED-B27A-491A-B0C7-6537DF331255}.Release|Any CPU.ActiveCfg = Release|Any CPU
		{57C4D2ED-B27A-491A-B0C7-6537DF331255}.Release|Any CPU.Build.0 = Release|Any CPU
	EndGlobalSection
	GlobalSection(SolutionProperties) = preSolution
		HideSolutionNode = FALSE
	EndGlobalSection
	GlobalSection(ExtensibilityGlobals) = postSolution
		SolutionGuid = {B13366CD-EE0E-41FF-B71B-7A1FFB1C0F07}
	EndGlobalSection
EndGlobal
